
Microsoft Visual Studio Solution File, Format Version 12.00
# Visual Studio 15
VisualStudioVersion = 15.0.26124.0
MinimumVisualStudioVersion = 15.0.26124.0
Project("{FAE04EC0-301F-11D3-BF4B-00C04F79EFBC}") = "CodeChallenge.Common", "CodeChallenge.Common\CodeChallenge.Common.csproj", "{8D03933D-6E24-4FB1-86DA-8D38286ED08A}"
EndProject
Project("{FAE04EC0-301F-11D3-BF4B-00C04F79EFBC}") = "CodeChallenge.DAL", "CodeChallenge.DAL\CodeChallenge.DAL.csproj", "{C828DF81-474C-4E0F-B049-5067EC184450}"
EndProject
Project("{FAE04EC0-301F-11D3-BF4B-00C04F79EFBC}") = "CodeChallenge.BLL", "CodeChallenge.BLL\CodeChallenge.BLL.csproj", "{1C514E6D-46B8-4EFE-AFFB-1D954A67DC58}"
EndProject
Project("{FAE04EC0-301F-11D3-BF4B-00C04F79EFBC}") = "CodeChallenge.Api", "CodeChallenge.Api\CodeChallenge.Api.csproj", "{9EA3AF20-C382-413B-83FB-D5CD1748FE5F}"
EndProject
Project("{2150E333-8FDC-42A3-9474-1A3956D46DE8}") = "Test", "Test", "{2E2C0EF0-B3CD-44C9-9666-03F7ADBC2B74}"
EndProject
Project("{FAE04EC0-301F-11D3-BF4B-00C04F79EFBC}") = "CodeChallenge.Test.Helpers", "Test\CodeChallenge.Test.Helpers\CodeChallenge.Test.Helpers.csproj", "{B69B9699-A5CD-4C3D-9C08-C97F3CC2B5BA}"
EndProject
Project("{FAE04EC0-301F-11D3-BF4B-00C04F79EFBC}") = "CodeChallenge.Common.Test", "Test\CodeChallenge.Common.Test\CodeChallenge.Common.Test.csproj", "{3ABF9A99-9297-4461-8E7F-EE8925784C8D}"
EndProject
Project("{FAE04EC0-301F-11D3-BF4B-00C04F79EFBC}") = "CodeChallenge.DAL.Test", "Test\CodeChallenge.DAL.Test\CodeChallenge.DAL.Test.csproj", "{7EEFAF16-09D8-4E60-B454-A2132ACDCAE6}"
EndProject
Project("{FAE04EC0-301F-11D3-BF4B-00C04F79EFBC}") = "CodeChallenge.BLL.Test", "Test\CodeChallenge.BLL.Test\CodeChallenge.BLL.Test.csproj", "{1701379B-062A-4150-BA78-1770C40F052E}"
EndProject
Project("{FAE04EC0-301F-11D3-BF4B-00C04F79EFBC}") = "CodeChallenge.Api.Test", "Test\CodeChallenge.Api.Test\CodeChallenge.Api.Test.csproj", "{A4F4B97F-7ED1-4BA0-BA80-C585FB4069BC}"
EndProject
Global
	GlobalSection(SolutionConfigurationPlatforms) = preSolution
		Debug|Any CPU = Debug|Any CPU
		Debug|x64 = Debug|x64
		Debug|x86 = Debug|x86
		Release|Any CPU = Release|Any CPU
		Release|x64 = Release|x64
		Release|x86 = Release|x86
	EndGlobalSection
	GlobalSection(SolutionProperties) = preSolution
		HideSolutionNode = FALSE
	EndGlobalSection
	GlobalSection(ProjectConfigurationPlatforms) = postSolution
		{8D03933D-6E24-4FB1-86DA-8D38286ED08A}.Debug|Any CPU.ActiveCfg = Debug|Any CPU
		{8D03933D-6E24-4FB1-86DA-8D38286ED08A}.Debug|Any CPU.Build.0 = Debug|Any CPU
		{8D03933D-6E24-4FB1-86DA-8D38286ED08A}.Debug|x64.ActiveCfg = Debug|Any CPU
		{8D03933D-6E24-4FB1-86DA-8D38286ED08A}.Debug|x64.Build.0 = Debug|Any CPU
		{8D03933D-6E24-4FB1-86DA-8D38286ED08A}.Debug|x86.ActiveCfg = Debug|Any CPU
		{8D03933D-6E24-4FB1-86DA-8D38286ED08A}.Debug|x86.Build.0 = Debug|Any CPU
		{8D03933D-6E24-4FB1-86DA-8D38286ED08A}.Release|Any CPU.ActiveCfg = Release|Any CPU
		{8D03933D-6E24-4FB1-86DA-8D38286ED08A}.Release|Any CPU.Build.0 = Release|Any CPU
		{8D03933D-6E24-4FB1-86DA-8D38286ED08A}.Release|x64.ActiveCfg = Release|Any CPU
		{8D03933D-6E24-4FB1-86DA-8D38286ED08A}.Release|x64.Build.0 = Release|Any CPU
		{8D03933D-6E24-4FB1-86DA-8D38286ED08A}.Release|x86.ActiveCfg = Release|Any CPU
		{8D03933D-6E24-4FB1-86DA-8D38286ED08A}.Release|x86.Build.0 = Release|Any CPU
		{C828DF81-474C-4E0F-B049-5067EC184450}.Debug|Any CPU.ActiveCfg = Debug|Any CPU
		{C828DF81-474C-4E0F-B049-5067EC184450}.Debug|Any CPU.Build.0 = Debug|Any CPU
		{C828DF81-474C-4E0F-B049-5067EC184450}.Debug|x64.ActiveCfg = Debug|Any CPU
		{C828DF81-474C-4E0F-B049-5067EC184450}.Debug|x64.Build.0 = Debug|Any CPU
		{C828DF81-474C-4E0F-B049-5067EC184450}.Debug|x86.ActiveCfg = Debug|Any CPU
		{C828DF81-474C-4E0F-B049-5067EC184450}.Debug|x86.Build.0 = Debug|Any CPU
		{C828DF81-474C-4E0F-B049-5067EC184450}.Release|Any CPU.ActiveCfg = Release|Any CPU
		{C828DF81-474C-4E0F-B049-5067EC184450}.Release|Any CPU.Build.0 = Release|Any CPU
		{C828DF81-474C-4E0F-B049-5067EC184450}.Release|x64.ActiveCfg = Release|Any CPU
		{C828DF81-474C-4E0F-B049-5067EC184450}.Release|x64.Build.0 = Release|Any CPU
		{C828DF81-474C-4E0F-B049-5067EC184450}.Release|x86.ActiveCfg = Release|Any CPU
		{C828DF81-474C-4E0F-B049-5067EC184450}.Release|x86.Build.0 = Release|Any CPU
		{1C514E6D-46B8-4EFE-AFFB-1D954A67DC58}.Debug|Any CPU.ActiveCfg = Debug|Any CPU
		{1C514E6D-46B8-4EFE-AFFB-1D954A67DC58}.Debug|Any CPU.Build.0 = Debug|Any CPU
		{1C514E6D-46B8-4EFE-AFFB-1D954A67DC58}.Debug|x64.ActiveCfg = Debug|Any CPU
		{1C514E6D-46B8-4EFE-AFFB-1D954A67DC58}.Debug|x64.Build.0 = Debug|Any CPU
		{1C514E6D-46B8-4EFE-AFFB-1D954A67DC58}.Debug|x86.ActiveCfg = Debug|Any CPU
		{1C514E6D-46B8-4EFE-AFFB-1D954A67DC58}.Debug|x86.Build.0 = Debug|Any CPU
		{1C514E6D-46B8-4EFE-AFFB-1D954A67DC58}.Release|Any CPU.ActiveCfg = Release|Any CPU
		{1C514E6D-46B8-4EFE-AFFB-1D954A67DC58}.Release|Any CPU.Build.0 = Release|Any CPU
		{1C514E6D-46B8-4EFE-AFFB-1D954A67DC58}.Release|x64.ActiveCfg = Release|Any CPU
		{1C514E6D-46B8-4EFE-AFFB-1D954A67DC58}.Release|x64.Build.0 = Release|Any CPU
		{1C514E6D-46B8-4EFE-AFFB-1D954A67DC58}.Release|x86.ActiveCfg = Release|Any CPU
		{1C514E6D-46B8-4EFE-AFFB-1D954A67DC58}.Release|x86.Build.0 = Release|Any CPU
		{9EA3AF20-C382-413B-83FB-D5CD1748FE5F}.Debug|Any CPU.ActiveCfg = Debug|Any CPU
		{9EA3AF20-C382-413B-83FB-D5CD1748FE5F}.Debug|Any CPU.Build.0 = Debug|Any CPU
		{9EA3AF20-C382-413B-83FB-D5CD1748FE5F}.Debug|x64.ActiveCfg = Debug|Any CPU
		{9EA3AF20-C382-413B-83FB-D5CD1748FE5F}.Debug|x64.Build.0 = Debug|Any CPU
		{9EA3AF20-C382-413B-83FB-D5CD1748FE5F}.Debug|x86.ActiveCfg = Debug|Any CPU
		{9EA3AF20-C382-413B-83FB-D5CD1748FE5F}.Debug|x86.Build.0 = Debug|Any CPU
		{9EA3AF20-C382-413B-83FB-D5CD1748FE5F}.Release|Any CPU.ActiveCfg = Release|Any CPU
		{9EA3AF20-C382-413B-83FB-D5CD1748FE5F}.Release|Any CPU.Build.0 = Release|Any CPU
		{9EA3AF20-C382-413B-83FB-D5CD1748FE5F}.Release|x64.ActiveCfg = Release|Any CPU
		{9EA3AF20-C382-413B-83FB-D5CD1748FE5F}.Release|x64.Build.0 = Release|Any CPU
		{9EA3AF20-C382-413B-83FB-D5CD1748FE5F}.Release|x86.ActiveCfg = Release|Any CPU
		{9EA3AF20-C382-413B-83FB-D5CD1748FE5F}.Release|x86.Build.0 = Release|Any CPU
		{B69B9699-A5CD-4C3D-9C08-C97F3CC2B5BA}.Debug|Any CPU.ActiveCfg = Debug|Any CPU
		{B69B9699-A5CD-4C3D-9C08-C97F3CC2B5BA}.Debug|Any CPU.Build.0 = Debug|Any CPU
		{B69B9699-A5CD-4C3D-9C08-C97F3CC2B5BA}.Debug|x64.ActiveCfg = Debug|Any CPU
		{B69B9699-A5CD-4C3D-9C08-C97F3CC2B5BA}.Debug|x64.Build.0 = Debug|Any CPU
		{B69B9699-A5CD-4C3D-9C08-C97F3CC2B5BA}.Debug|x86.ActiveCfg = Debug|Any CPU
		{B69B9699-A5CD-4C3D-9C08-C97F3CC2B5BA}.Debug|x86.Build.0 = Debug|Any CPU
		{B69B9699-A5CD-4C3D-9C08-C97F3CC2B5BA}.Release|Any CPU.ActiveCfg = Release|Any CPU
		{B69B9699-A5CD-4C3D-9C08-C97F3CC2B5BA}.Release|Any CPU.Build.0 = Release|Any CPU
		{B69B9699-A5CD-4C3D-9C08-C97F3CC2B5BA}.Release|x64.ActiveCfg = Release|Any CPU
		{B69B9699-A5CD-4C3D-9C08-C97F3CC2B5BA}.Release|x64.Build.0 = Release|Any CPU
		{B69B9699-A5CD-4C3D-9C08-C97F3CC2B5BA}.Release|x86.ActiveCfg = Release|Any CPU
		{B69B9699-A5CD-4C3D-9C08-C97F3CC2B5BA}.Release|x86.Build.0 = Release|Any CPU
		{3ABF9A99-9297-4461-8E7F-EE8925784C8D}.Debug|Any CPU.ActiveCfg = Debug|Any CPU
		{3ABF9A99-9297-4461-8E7F-EE8925784C8D}.Debug|Any CPU.Build.0 = Debug|Any CPU
		{3ABF9A99-9297-4461-8E7F-EE8925784C8D}.Debug|x64.ActiveCfg = Debug|Any CPU
		{3ABF9A99-9297-4461-8E7F-EE8925784C8D}.Debug|x64.Build.0 = Debug|Any CPU
		{3ABF9A99-9297-4461-8E7F-EE8925784C8D}.Debug|x86.ActiveCfg = Debug|Any CPU
		{3ABF9A99-9297-4461-8E7F-EE8925784C8D}.Debug|x86.Build.0 = Debug|Any CPU
		{3ABF9A99-9297-4461-8E7F-EE8925784C8D}.Release|Any CPU.ActiveCfg = Release|Any CPU
		{3ABF9A99-9297-4461-8E7F-EE8925784C8D}.Release|Any CPU.Build.0 = Release|Any CPU
		{3ABF9A99-9297-4461-8E7F-EE8925784C8D}.Release|x64.ActiveCfg = Release|Any CPU
		{3ABF9A99-9297-4461-8E7F-EE8925784C8D}.Release|x64.Build.0 = Release|Any CPU
		{3ABF9A99-9297-4461-8E7F-EE8925784C8D}.Release|x86.ActiveCfg = Release|Any CPU
		{3ABF9A99-9297-4461-8E7F-EE8925784C8D}.Release|x86.Build.0 = Release|Any CPU
		{7EEFAF16-09D8-4E60-B454-A2132ACDCAE6}.Debug|Any CPU.ActiveCfg = Debug|Any CPU
		{7EEFAF16-09D8-4E60-B454-A2132ACDCAE6}.Debug|Any CPU.Build.0 = Debug|Any CPU
		{7EEFAF16-09D8-4E60-B454-A2132ACDCAE6}.Debug|x64.ActiveCfg = Debug|Any CPU
		{7EEFAF16-09D8-4E60-B454-A2132ACDCAE6}.Debug|x64.Build.0 = Debug|Any CPU
		{7EEFAF16-09D8-4E60-B454-A2132ACDCAE6}.Debug|x86.ActiveCfg = Debug|Any CPU
		{7EEFAF16-09D8-4E60-B454-A2132ACDCAE6}.Debug|x86.Build.0 = Debug|Any CPU
		{7EEFAF16-09D8-4E60-B454-A2132ACDCAE6}.Release|Any CPU.ActiveCfg = Release|Any CPU
		{7EEFAF16-09D8-4E60-B454-A2132ACDCAE6}.Release|Any CPU.Build.0 = Release|Any CPU
		{7EEFAF16-09D8-4E60-B454-A2132ACDCAE6}.Release|x64.ActiveCfg = Release|Any CPU
		{7EEFAF16-09D8-4E60-B454-A2132ACDCAE6}.Release|x64.Build.0 = Release|Any CPU
		{7EEFAF16-09D8-4E60-B454-A2132ACDCAE6}.Release|x86.ActiveCfg = Release|Any CPU
		{7EEFAF16-09D8-4E60-B454-A2132ACDCAE6}.Release|x86.Build.0 = Release|Any CPU
		{1701379B-062A-4150-BA78-1770C40F052E}.Debug|Any CPU.ActiveCfg = Debug|Any CPU
		{1701379B-062A-4150-BA78-1770C40F052E}.Debug|Any CPU.Build.0 = Debug|Any CPU
		{1701379B-062A-4150-BA78-1770C40F052E}.Debug|x64.ActiveCfg = Debug|Any CPU
		{1701379B-062A-4150-BA78-1770C40F052E}.Debug|x64.Build.0 = Debug|Any CPU
		{1701379B-062A-4150-BA78-1770C40F052E}.Debug|x86.ActiveCfg = Debug|Any CPU
		{1701379B-062A-4150-BA78-1770C40F052E}.Debug|x86.Build.0 = Debug|Any CPU
		{1701379B-062A-4150-BA78-1770C40F052E}.Release|Any CPU.ActiveCfg = Release|Any CPU
		{1701379B-062A-4150-BA78-1770C40F052E}.Release|Any CPU.Build.0 = Release|Any CPU
		{1701379B-062A-4150-BA78-1770C40F052E}.Release|x64.ActiveCfg = Release|Any CPU
		{1701379B-062A-4150-BA78-1770C40F052E}.Release|x64.Build.0 = Release|Any CPU
		{1701379B-062A-4150-BA78-1770C40F052E}.Release|x86.ActiveCfg = Release|Any CPU
		{1701379B-062A-4150-BA78-1770C40F052E}.Release|x86.Build.0 = Release|Any CPU
		{A4F4B97F-7ED1-4BA0-BA80-C585FB4069BC}.Debug|Any CPU.ActiveCfg = Debug|Any CPU
		{A4F4B97F-7ED1-4BA0-BA80-C585FB4069BC}.Debug|Any CPU.Build.0 = Debug|Any CPU
		{A4F4B97F-7ED1-4BA0-BA80-C585FB4069BC}.Debug|x64.ActiveCfg = Debug|Any CPU
		{A4F4B97F-7ED1-4BA0-BA80-C585FB4069BC}.Debug|x64.Build.0 = Debug|Any CPU
		{A4F4B97F-7ED1-4BA0-BA80-C585FB4069BC}.Debug|x86.ActiveCfg = Debug|Any CPU
		{A4F4B97F-7ED1-4BA0-BA80-C585FB4069BC}.Debug|x86.Build.0 = Debug|Any CPU
		{A4F4B97F-7ED1-4BA0-BA80-C585FB4069BC}.Release|Any CPU.ActiveCfg = Release|Any CPU
		{A4F4B97F-7ED1-4BA0-BA80-C585FB4069BC}.Release|Any CPU.Build.0 = Release|Any CPU
		{A4F4B97F-7ED1-4BA0-BA80-C585FB4069BC}.Release|x64.ActiveCfg = Release|Any CPU
		{A4F4B97F-7ED1-4BA0-BA80-C585FB4069BC}.Release|x64.Build.0 = Release|Any CPU
		{A4F4B97F-7ED1-4BA0-BA80-C585FB4069BC}.Release|x86.ActiveCfg = Release|Any CPU
		{A4F4B97F-7ED1-4BA0-BA80-C585FB4069BC}.Release|x86.Build.0 = Release|Any CPU
	EndGlobalSection
	GlobalSection(NestedProjects) = preSolution
		{B69B9699-A5CD-4C3D-9C08-C97F3CC2B5BA} = {2E2C0EF0-B3CD-44C9-9666-03F7ADBC2B74}
		{3ABF9A99-9297-4461-8E7F-EE8925784C8D} = {2E2C0EF0-B3CD-44C9-9666-03F7ADBC2B74}
		{7EEFAF16-09D8-4E60-B454-A2132ACDCAE6} = {2E2C0EF0-B3CD-44C9-9666-03F7ADBC2B74}
		{1701379B-062A-4150-BA78-1770C40F052E} = {2E2C0EF0-B3CD-44C9-9666-03F7ADBC2B74}
		{A4F4B97F-7ED1-4BA0-BA80-C585FB4069BC} = {2E2C0EF0-B3CD-44C9-9666-03F7ADBC2B74}
	EndGlobalSection
EndGlobal
